// !$*UTF8*$!
{
	archiveVersion = 1;
	classes = {
	};
	objectVersion = 46;
	objects = {

/* Begin PBXBuildFile section */
		EBCC477118334E840014082C /* Foundation.framework in Frameworks */ = {isa = PBXBuildFile; fileRef = EBCC477018334E840014082C /* Foundation.framework */; };
		EBCC477318334E840014082C /* CoreGraphics.framework in Frameworks */ = {isa = PBXBuildFile; fileRef = EBCC477218334E840014082C /* CoreGraphics.framework */; };
		EBCC477518334E840014082C /* UIKit.framework in Frameworks */ = {isa = PBXBuildFile; fileRef = EBCC477418334E840014082C /* UIKit.framework */; };
		EBCC477718334E840014082C /* CoreData.framework in Frameworks */ = {isa = PBXBuildFile; fileRef = EBCC477618334E840014082C /* CoreData.framework */; };
		EBCC477D18334E840014082C /* InfoPlist.strings in Resources */ = {isa = PBXBuildFile; fileRef = EBCC477B18334E840014082C /* InfoPlist.strings */; };
		EBCC477F18334E840014082C /* main.m in Sources */ = {isa = PBXBuildFile; fileRef = EBCC477E18334E840014082C /* main.m */; };
		EBCC478318334E840014082C /* AppDelegate.m in Sources */ = {isa = PBXBuildFile; fileRef = EBCC478218334E840014082C /* AppDelegate.m */; };
		EBCC478618334E840014082C /* Main.storyboard in Resources */ = {isa = PBXBuildFile; fileRef = EBCC478418334E840014082C /* Main.storyboard */; };
		EBCC478918334E840014082C /* IpadImageShuffle.xcdatamodeld in Sources */ = {isa = PBXBuildFile; fileRef = EBCC478718334E840014082C /* IpadImageShuffle.xcdatamodeld */; };
		EBCC479118334E840014082C /* Images.xcassets in Resources */ = {isa = PBXBuildFile; fileRef = EBCC479018334E840014082C /* Images.xcassets */; };
		EBCC479818334E840014082C /* XCTest.framework in Frameworks */ = {isa = PBXBuildFile; fileRef = EBCC479718334E840014082C /* XCTest.framework */; };
		EBCC479918334E840014082C /* Foundation.framework in Frameworks */ = {isa = PBXBuildFile; fileRef = EBCC477018334E840014082C /* Foundation.framework */; };
		EBCC479A18334E840014082C /* UIKit.framework in Frameworks */ = {isa = PBXBuildFile; fileRef = EBCC477418334E840014082C /* UIKit.framework */; };
		EBCC479B18334E840014082C /* CoreData.framework in Frameworks */ = {isa = PBXBuildFile; fileRef = EBCC477618334E840014082C /* CoreData.framework */; };
		EBCC47A318334E840014082C /* InfoPlist.strings in Resources */ = {isa = PBXBuildFile; fileRef = EBCC47A118334E840014082C /* InfoPlist.strings */; };
		EBCC47A518334E840014082C /* IpadImageShuffleTests.m in Sources */ = {isa = PBXBuildFile; fileRef = EBCC47A418334E840014082C /* IpadImageShuffleTests.m */; };
		EBCC47B018334EF90014082C /* CanvasViewController.m in Sources */ = {isa = PBXBuildFile; fileRef = EBCC47AF18334EF90014082C /* CanvasViewController.m */; };
		EBCC47B71833530F0014082C /* cute_nature-HD.jpg in Resources */ = {isa = PBXBuildFile; fileRef = EBCC47B11833530F0014082C /* cute_nature-HD.jpg */; };
		EBCC47B81833530F0014082C /* download (1).jpeg in Resources */ = {isa = PBXBuildFile; fileRef = EBCC47B21833530F0014082C /* download (1).jpeg */; };
		EBCC47B91833530F0014082C /* download.jpeg in Resources */ = {isa = PBXBuildFile; fileRef = EBCC47B31833530F0014082C /* download.jpeg */; };
		EBCC47BA1833530F0014082C /* images.jpeg in Resources */ = {isa = PBXBuildFile; fileRef = EBCC47B41833530F0014082C /* images.jpeg */; };
		EBCC47BB1833530F0014082C /* index.jpg in Resources */ = {isa = PBXBuildFile; fileRef = EBCC47B51833530F0014082C /* index.jpg */; };
		EBCC47BC1833530F0014082C /* six.jpg in Resources */ = {isa = PBXBuildFile; fileRef = EBCC47B61833530F0014082C /* six.jpg */; };
		EBCC47C61833C6980014082C /* PopOverViewController.m in Sources */ = {isa = PBXBuildFile; fileRef = EBCC47C41833C6980014082C /* PopOverViewController.m */; };
		EBCC47CA1833DA2F0014082C /* SingleTonArray.m in Sources */ = {isa = PBXBuildFile; fileRef = EBCC47C91833DA2F0014082C /* SingleTonArray.m */; };
/* End PBXBuildFile section */

/* Begin PBXContainerItemProxy section */
		EBCC479C18334E840014082C /* PBXContainerItemProxy */ = {
			isa = PBXContainerItemProxy;
			containerPortal = EBCC476518334E840014082C /* Project object */;
			proxyType = 1;
			remoteGlobalIDString = EBCC476C18334E840014082C;
			remoteInfo = IpadImageShuffle;
		};
/* End PBXContainerItemProxy section */

/* Begin PBXFileReference section */
		EBCC476D18334E840014082C /* IpadImageShuffle.app */ = {isa = PBXFileReference; explicitFileType = wrapper.application; includeInIndex = 0; path = IpadImageShuffle.app; sourceTree = BUILT_PRODUCTS_DIR; };
		EBCC477018334E840014082C /* Foundation.framework */ = {isa = PBXFileReference; lastKnownFileType = wrapper.framework; name = Foundation.framework; path = System/Library/Frameworks/Foundation.framework; sourceTree = SDKROOT; };
		EBCC477218334E840014082C /* CoreGraphics.framework */ = {isa = PBXFileReference; lastKnownFileType = wrapper.framework; name = CoreGraphics.framework; path = System/Library/Frameworks/CoreGraphics.framework; sourceTree = SDKROOT; };
		EBCC477418334E840014082C /* UIKit.framework */ = {isa = PBXFileReference; lastKnownFileType = wrapper.framework; name = UIKit.framework; path = System/Library/Frameworks/UIKit.framework; sourceTree = SDKROOT; };
		EBCC477618334E840014082C /* CoreData.framework */ = {isa = PBXFileReference; lastKnownFileType = wrapper.framework; name = CoreData.framework; path = System/Library/Frameworks/CoreData.framework; sourceTree = SDKROOT; };
		EBCC477A18334E840014082C /* IpadImageShuffle-Info.plist */ = {isa = PBXFileReference; lastKnownFileType = text.plist.xml; path = "IpadImageShuffle-Info.plist"; sourceTree = "<group>"; };
		EBCC477C18334E840014082C /* en */ = {isa = PBXFileReference; lastKnownFileType = text.plist.strings; name = en; path = en.lproj/InfoPlist.strings; sourceTree = "<group>"; };
		EBCC477E18334E840014082C /* main.m */ = {isa = PBXFileReference; lastKnownFileType = sourcecode.c.objc; path = main.m; sourceTree = "<group>"; };
		EBCC478018334E840014082C /* IpadImageShuffle-Prefix.pch */ = {isa = PBXFileReference; lastKnownFileType = sourcecode.c.h; path = "IpadImageShuffle-Prefix.pch"; sourceTree = "<group>"; };
		EBCC478118334E840014082C /* AppDelegate.h */ = {isa = PBXFileReference; lastKnownFileType = sourcecode.c.h; path = AppDelegate.h; sourceTree = "<group>"; };
		EBCC478218334E840014082C /* AppDelegate.m */ = {isa = PBXFileReference; lastKnownFileType = sourcecode.c.objc; path = AppDelegate.m; sourceTree = "<group>"; };
		EBCC478518334E840014082C /* Base */ = {isa = PBXFileReference; lastKnownFileType = file.storyboard; name = Base; path = Base.lproj/Main.storyboard; sourceTree = "<group>"; };
		EBCC478818334E840014082C /* IpadImageShuffle.xcdatamodel */ = {isa = PBXFileReference; lastKnownFileType = wrapper.xcdatamodel; path = IpadImageShuffle.xcdatamodel; sourceTree = "<group>"; };
		EBCC479018334E840014082C /* Images.xcassets */ = {isa = PBXFileReference; lastKnownFileType = folder.assetcatalog; path = Images.xcassets; sourceTree = "<group>"; };
		EBCC479618334E840014082C /* IpadImageShuffleTests.xctest */ = {isa = PBXFileReference; explicitFileType = wrapper.cfbundle; includeInIndex = 0; path = IpadImageShuffleTests.xctest; sourceTree = BUILT_PRODUCTS_DIR; };
		EBCC479718334E840014082C /* XCTest.framework */ = {isa = PBXFileReference; lastKnownFileType = wrapper.framework; name = XCTest.framework; path = Library/Frameworks/XCTest.framework; sourceTree = DEVELOPER_DIR; };
		EBCC47A018334E840014082C /* IpadImageShuffleTests-Info.plist */ = {isa = PBXFileReference; lastKnownFileType = text.plist.xml; path = "IpadImageShuffleTests-Info.plist"; sourceTree = "<group>"; };
		EBCC47A218334E840014082C /* en */ = {isa = PBXFileReference; lastKnownFileType = text.plist.strings; name = en; path = en.lproj/InfoPlist.strings; sourceTree = "<group>"; };
		EBCC47A418334E840014082C /* IpadImageShuffleTests.m */ = {isa = PBXFileReference; lastKnownFileType = sourcecode.c.objc; path = IpadImageShuffleTests.m; sourceTree = "<group>"; };
		EBCC47AE18334EF90014082C /* CanvasViewController.h */ = {isa = PBXFileReference; fileEncoding = 4; lastKnownFileType = sourcecode.c.h; path = CanvasViewController.h; sourceTree = "<group>"; };
		EBCC47AF18334EF90014082C /* CanvasViewController.m */ = {isa = PBXFileReference; fileEncoding = 4; lastKnownFileType = sourcecode.c.objc; path = CanvasViewController.m; sourceTree = "<group>"; };
		EBCC47B11833530F0014082C /* cute_nature-HD.jpg */ = {isa = PBXFileReference; lastKnownFileType = image.jpeg; path = "cute_nature-HD.jpg"; sourceTree = "<group>"; };
		EBCC47B21833530F0014082C /* download (1).jpeg */ = {isa = PBXFileReference; lastKnownFileType = image.jpeg; path = "download (1).jpeg"; sourceTree = "<group>"; };
		EBCC47B31833530F0014082C /* download.jpeg */ = {isa = PBXFileReference; lastKnownFileType = image.jpeg; path = download.jpeg; sourceTree = "<group>"; };
		EBCC47B41833530F0014082C /* images.jpeg */ = {isa = PBXFileReference; lastKnownFileType = image.jpeg; path = images.jpeg; sourceTree = "<group>"; };
		EBCC47B51833530F0014082C /* index.jpg */ = {isa = PBXFileReference; lastKnownFileType = image.jpeg; path = index.jpg; sourceTree = "<group>"; };
		EBCC47B61833530F0014082C /* six.jpg */ = {isa = PBXFileReference; lastKnownFileType = image.jpeg; path = six.jpg; sourceTree = "<group>"; };
		EBCC47C31833C6980014082C /* PopOverViewController.h */ = {isa = PBXFileReference; fileEncoding = 4; lastKnownFileType = sourcecode.c.h; path = PopOverViewController.h; sourceTree = "<group>"; };
		EBCC47C41833C6980014082C /* PopOverViewController.m */ = {isa = PBXFileReference; fileEncoding = 4; lastKnownFileType = sourcecode.c.objc; path = PopOverViewController.m; sourceTree = "<group>"; };
		EBCC47C81833DA2F0014082C /* SingleTonArray.h */ = {isa = PBXFileReference; fileEncoding = 4; lastKnownFileType = sourcecode.c.h; name = SingleTonArray.h; path = IpadImageShuffle/SingleTonArray.h; sourceTree = "<group>"; };
		EBCC47C91833DA2F0014082C /* SingleTonArray.m */ = {isa = PBXFileReference; fileEncoding = 4; lastKnownFileType = sourcecode.c.objc; name = SingleTonArray.m; path = IpadImageShuffle/SingleTonArray.m; sourceTree = "<group>"; };
/* End PBXFileReference section */

/* Begin PBXFrameworksBuildPhase section */
		EBCC476A18334E840014082C /* Frameworks */ = {
			isa = PBXFrameworksBuildPhase;
			buildActionMask = 2147483647;
			files = (
				EBCC477318334E840014082C /* CoreGraphics.framework in Frameworks */,
				EBCC477718334E840014082C /* CoreData.framework in Frameworks */,
				EBCC477518334E840014082C /* UIKit.framework in Frameworks */,
				EBCC477118334E840014082C /* Foundation.framework in Frameworks */,
			);
			runOnlyForDeploymentPostprocessing = 0;
		};
		EBCC479318334E840014082C /* Frameworks */ = {
			isa = PBXFrameworksBuildPhase;
			buildActionMask = 2147483647;
			files = (
				EBCC479818334E840014082C /* XCTest.framework in Frameworks */,
				EBCC479B18334E840014082C /* CoreData.framework in Frameworks */,
				EBCC479A18334E840014082C /* UIKit.framework in Frameworks */,
				EBCC479918334E840014082C /* Foundation.framework in Frameworks */,
			);
			runOnlyForDeploymentPostprocessing = 0;
		};
/* End PBXFrameworksBuildPhase section */

/* Begin PBXGroup section */
		EBCC476418334E840014082C = {
			isa = PBXGroup;
			children = (
				EBCC47C81833DA2F0014082C /* SingleTonArray.h */,
				EBCC47C91833DA2F0014082C /* SingleTonArray.m */,
				EBCC477818334E840014082C /* IpadImageShuffle */,
				EBCC479E18334E840014082C /* IpadImageShuffleTests */,
				EBCC476F18334E840014082C /* Frameworks */,
				EBCC476E18334E840014082C /* Products */,
			);
			sourceTree = "<group>";
		};
		EBCC476E18334E840014082C /* Products */ = {
			isa = PBXGroup;
			children = (
				EBCC476D18334E840014082C /* IpadImageShuffle.app */,
				EBCC479618334E840014082C /* IpadImageShuffleTests.xctest */,
			);
			name = Products;
			sourceTree = "<group>";
		};
		EBCC476F18334E840014082C /* Frameworks */ = {
			isa = PBXGroup;
			children = (
				EBCC477018334E840014082C /* Foundation.framework */,
				EBCC477218334E840014082C /* CoreGraphics.framework */,
				EBCC477418334E840014082C /* UIKit.framework */,
				EBCC477618334E840014082C /* CoreData.framework */,
				EBCC479718334E840014082C /* XCTest.framework */,
			);
			name = Frameworks;
			sourceTree = "<group>";
		};
		EBCC477818334E840014082C /* IpadImageShuffle */ = {
			isa = PBXGroup;
			children = (
				EBCC478118334E840014082C /* AppDelegate.h */,
				EBCC478218334E840014082C /* AppDelegate.m */,
				EBCC478418334E840014082C /* Main.storyboard */,
				EBCC47AE18334EF90014082C /* CanvasViewController.h */,
				EBCC47AF18334EF90014082C /* CanvasViewController.m */,
				EBCC47C31833C6980014082C /* PopOverViewController.h */,
				EBCC47C41833C6980014082C /* PopOverViewController.m */,
				EBCC479018334E840014082C /* Images.xcassets */,
				EBCC478718334E840014082C /* IpadImageShuffle.xcdatamodeld */,
				EBCC477918334E840014082C /* Supporting Files */,
			);
			path = IpadImageShuffle;
			sourceTree = "<group>";
		};
		EBCC477918334E840014082C /* Supporting Files */ = {
			isa = PBXGroup;
			children = (
				EBCC47B11833530F0014082C /* cute_nature-HD.jpg */,
				EBCC47B21833530F0014082C /* download (1).jpeg */,
				EBCC47B31833530F0014082C /* download.jpeg */,
				EBCC47B41833530F0014082C /* images.jpeg */,
				EBCC47B51833530F0014082C /* index.jpg */,
				EBCC47B61833530F0014082C /* six.jpg */,
				EBCC477A18334E840014082C /* IpadImageShuffle-Info.plist */,
				EBCC477B18334E840014082C /* InfoPlist.strings */,
				EBCC477E18334E840014082C /* main.m */,
				EBCC478018334E840014082C /* IpadImageShuffle-Prefix.pch */,
			);
			name = "Supporting Files";
			sourceTree = "<group>";
		};
		EBCC479E18334E840014082C /* IpadImageShuffleTests */ = {
			isa = PBXGroup;
			children = (
				EBCC47A418334E840014082C /* IpadImageShuffleTests.m */,
				EBCC479F18334E840014082C /* Supporting Files */,
			);
			path = IpadImageShuffleTests;
			sourceTree = "<group>";
		};
		EBCC479F18334E840014082C /* Supporting Files */ = {
			isa = PBXGroup;
			children = (
				EBCC47A018334E840014082C /* IpadImageShuffleTests-Info.plist */,
				EBCC47A118334E840014082C /* InfoPlist.strings */,
			);
			name = "Supporting Files";
			sourceTree = "<group>";
		};
/* End PBXGroup section */

/* Begin PBXNativeTarget section */
		EBCC476C18334E840014082C /* IpadImageShuffle */ = {
			isa = PBXNativeTarget;
			buildConfigurationList = EBCC47A818334E840014082C /* Build configuration list for PBXNativeTarget "IpadImageShuffle" */;
			buildPhases = (
				EBCC476918334E840014082C /* Sources */,
				EBCC476A18334E840014082C /* Frameworks */,
				EBCC476B18334E840014082C /* Resources */,
			);
			buildRules = (
			);
			dependencies = (
			);
			name = IpadImageShuffle;
			productName = IpadImageShuffle;
			productReference = EBCC476D18334E840014082C /* IpadImageShuffle.app */;
			productType = "com.apple.product-type.application";
		};
		EBCC479518334E840014082C /* IpadImageShuffleTests */ = {
			isa = PBXNativeTarget;
			buildConfigurationList = EBCC47AB18334E840014082C /* Build configuration list for PBXNativeTarget "IpadImageShuffleTests" */;
			buildPhases = (
				EBCC479218334E840014082C /* Sources */,
				EBCC479318334E840014082C /* Frameworks */,
				EBCC479418334E840014082C /* Resources */,
			);
			buildRules = (
			);
			dependencies = (
				EBCC479D18334E840014082C /* PBXTargetDependency */,
			);
			name = IpadImageShuffleTests;
			productName = IpadImageShuffleTests;
			productReference = EBCC479618334E840014082C /* IpadImageShuffleTests.xctest */;
			productType = "com.apple.product-type.bundle.unit-test";
		};
/* End PBXNativeTarget section */

/* Begin PBXProject section */
		EBCC476518334E840014082C /* Project object */ = {
			isa = PBXProject;
			attributes = {
				LastUpgradeCheck = 0500;
				ORGANIZATIONNAME = "Vikash Soni";
				TargetAttributes = {
					EBCC479518334E840014082C = {
						TestTargetID = EBCC476C18334E840014082C;
					};
				};
			};
			buildConfigurationList = EBCC476818334E840014082C /* Build configuration list for PBXProject "IpadImageShuffle" */;
			compatibilityVersion = "Xcode 3.2";
			developmentRegion = English;
			hasScannedForEncodings = 0;
			knownRegions = (
				en,
				Base,
			);
			mainGroup = EBCC476418334E840014082C;
			productRefGroup = EBCC476E18334E840014082C /* Products */;
			projectDirPath = "";
			projectRoot = "";
			targets = (
				EBCC476C18334E840014082C /* IpadImageShuffle */,
				EBCC479518334E840014082C /* IpadImageShuffleTests */,
			);
		};
/* End PBXProject section */

/* Begin PBXResourcesBuildPhase section */
		EBCC476B18334E840014082C /* Resources */ = {
			isa = PBXResourcesBuildPhase;
			buildActionMask = 2147483647;
			files = (
				EBCC47BB1833530F0014082C /* index.jpg in Resources */,
				EBCC47B81833530F0014082C /* download (1).jpeg in Resources */,
				EBCC479118334E840014082C /* Images.xcassets in Resources */,
				EBCC47BC1833530F0014082C /* six.jpg in Resources */,
				EBCC47B71833530F0014082C /* cute_nature-HD.jpg in Resources */,
				EBCC47BA1833530F0014082C /* images.jpeg in Resources */,
				EBCC477D18334E840014082C /* InfoPlist.strings in Resources */,
				EBCC478618334E840014082C /* Main.storyboard in Resources */,
				EBCC47B91833530F0014082C /* download.jpeg in Resources */,
			);
			runOnlyForDeploymentPostprocessing = 0;
		};
		EBCC479418334E840014082C /* Resources */ = {
			isa = PBXResourcesBuildPhase;
			buildActionMask = 2147483647;
			files = (
				EBCC47A318334E840014082C /* InfoPlist.strings in Resources */,
			);
			runOnlyForDeploymentPostprocessing = 0;
		};
/* End PBXResourcesBuildPhase section */

/* Begin PBXSourcesBuildPhase section */
		EBCC476918334E840014082C /* Sources */ = {
			isa = PBXSourcesBuildPhase;
			buildActionMask = 2147483647;
			files = (
				EBCC478318334E840014082C /* AppDelegate.m in Sources */,
				EBCC47CA1833DA2F0014082C /* SingleTonArray.m in Sources */,
				EBCC478918334E840014082C /* IpadImageShuffle.xcdatamodeld in Sources */,
				EBCC47C61833C6980014082C /* PopOverViewController.m in Sources */,
				EBCC477F18334E840014082C /* main.m in Sources */,
				EBCC47B018334EF90014082C /* CanvasViewController.m in Sources */,
			);
			runOnlyForDeploymentPostprocessing = 0;
		};
		EBCC479218334E840014082C /* Sources */ = {
			isa = PBXSourcesBuildPhase;
			buildActionMask = 2147483647;
			files = (
				EBCC47A518334E840014082C /* IpadImageShuffleTests.m in Sources */,
			);
			runOnlyForDeploymentPostprocessing = 0;
		};
/* End PBXSourcesBuildPhase section */

/* Begin PBXTargetDependency section */
		EBCC479D18334E840014082C /* PBXTargetDependency */ = {
			isa = PBXTargetDependency;
			target = EBCC476C18334E840014082C /* IpadImageShuffle */;
			targetProxy = EBCC479C18334E840014082C /* PBXContainerItemProxy */;
		};
/* End PBXTargetDependency section */

/* Begin PBXVariantGroup section */
		EBCC477B18334E840014082C /* InfoPlist.strings */ = {
			isa = PBXVariantGroup;
			children = (
				EBCC477C18334E840014082C /* en */,
			);
			name = InfoPlist.strings;
			sourceTree = "<group>";
		};
		EBCC478418334E840014082C /* Main.storyboard */ = {
			isa = PBXVariantGroup;
			children = (
				EBCC478518334E840014082C /* Base */,
			);
			name = Main.storyboard;
			sourceTree = "<group>";
		};
		EBCC47A118334E840014082C /* InfoPlist.strings */ = {
			isa = PBXVariantGroup;
			children = (
				EBCC47A218334E840014082C /* en */,
			);
			name = InfoPlist.strings;
			sourceTree = "<group>";
		};
/* End PBXVariantGroup section */

/* Begin XCBuildConfiguration section */
		EBCC47A618334E840014082C /* Debug */ = {
			isa = XCBuildConfiguration;
			buildSettings = {
				ALWAYS_SEARCH_USER_PATHS = NO;
				ARCHS = "$(ARCHS_STANDARD_INCLUDING_64_BIT)";
				CLANG_CXX_LANGUAGE_STANDARD = "gnu++0x";
				CLANG_CXX_LIBRARY = "libc++";
				CLANG_ENABLE_MODULES = YES;
				CLANG_ENABLE_OBJC_ARC = YES;
				CLANG_WARN_BOOL_CONVERSION = YES;
				CLANG_WARN_CONSTANT_CONVERSION = YES;
				CLANG_WARN_DIRECT_OBJC_ISA_USAGE = YES_ERROR;
				CLANG_WARN_EMPTY_BODY = YES;
				CLANG_WARN_ENUM_CONVERSION = YES;
				CLANG_WARN_INT_CONVERSION = YES;
				CLANG_WARN_OBJC_ROOT_CLASS = YES_ERROR;
				CLANG_WARN__DUPLICATE_METHOD_MATCH = YES;
				"CODE_SIGN_IDENTITY[sdk=iphoneos*]" = "iPhone Developer";
				COPY_PHASE_STRIP = NO;
				GCC_C_LANGUAGE_STANDARD = gnu99;
				GCC_DYNAMIC_NO_PIC = NO;
				GCC_OPTIMIZATION_LEVEL = 0;
				GCC_PREPROCESSOR_DEFINITIONS = (
					"DEBUG=1",
					"$(inherited)",
				);
				GCC_SYMBOLS_PRIVATE_EXTERN = NO;
				GCC_WARN_64_TO_32_BIT_CONVERSION = YES;
				GCC_WARN_ABOUT_RETURN_TYPE = YES_ERROR;
				GCC_WARN_UNDECLARED_SELECTOR = YES;
				GCC_WARN_UNINITIALIZED_AUTOS = YES;
				GCC_WARN_UNUSED_FUNCTION = YES;
				GCC_WARN_UNUSED_VARIABLE = YES;
				IPHONEOS_DEPLOYMENT_TARGET = 7.0;
				ONLY_ACTIVE_ARCH = YES;
				SDKROOT = iphoneos;
				TARGETED_DEVICE_FAMILY = 2;
			};
			name = Debug;
		};
		EBCC47A718334E840014082C /* Release */ = {
			isa = XCBuildConfiguration;
			buildSettings = {
				ALWAYS_SEARCH_USER_PATHS = NO;
				ARCHS = "$(ARCHS_STANDARD_INCLUDING_64_BIT)";
				CLANG_CXX_LANGUAGE_STANDARD = "gnu++0x";
				CLANG_CXX_LIBRARY = "libc++";
				CLANG_ENABLE_MODULES = YES;
				CLANG_ENABLE_OBJC_ARC = YES;
				CLANG_WARN_BOOL_CONVERSION = YES;
				CLANG_WARN_CONSTANT_CONVERSION = YES;
				CLANG_WARN_DIRECT_OBJC_ISA_USAGE = YES_ERROR;
				CLANG_WARN_EMPTY_BODY = YES;
				CLANG_WARN_ENUM_CONVERSION = YES;
				CLANG_WARN_INT_CONVERSION = YES;
				CLANG_WARN_OBJC_ROOT_CLASS = YES_ERROR;
				CLANG_WARN__DUPLICATE_METHOD_MATCH = YES;
				"CODE_SIGN_IDENTITY[sdk=iphoneos*]" = "iPhone Developer";
				COPY_PHASE_STRIP = YES;
				ENABLE_NS_ASSERTIONS = NO;
				GCC_C_LANGUAGE_STANDARD = gnu99;
				GCC_WARN_64_TO_32_BIT_CONVERSION = YES;
				GCC_WARN_ABOUT_RETURN_TYPE = YES_ERROR;
				GCC_WARN_UNDECLARED_SELECTOR = YES;
				GCC_WARN_UNINITIALIZED_AUTOS = YES;
				GCC_WARN_UNUSED_FUNCTION = YES;
				GCC_WARN_UNUSED_VARIABLE = YES;
				IPHONEOS_DEPLOYMENT_TARGET = 7.0;
				SDKROOT = iphoneos;
				TARGETED_DEVICE_FAMILY = 2;
				VALIDATE_PRODUCT = YES;
			};
			name = Release;
		};
		EBCC47A918334E840014082C /* Debug */ = {
			isa = XCBuildConfiguration;
			buildSettings = {
				ASSETCATALOG_COMPILER_APPICON_NAME = AppIcon;
				ASSETCATALOG_COMPILER_LAUNCHIMAGE_NAME = LaunchImage;
				GCC_PRECOMPILE_PREFIX_HEADER = YES;
				GCC_PREFIX_HEADER = "IpadImageShuffle/IpadImageShuffle-Prefix.pch";
				INFOPLIST_FILE = "IpadImageShuffle/IpadImageShuffle-Info.plist";
				PRODUCT_NAME = "$(TARGET_NAME)";
				WRAPPER_EXTENSION = app;
			};
			name = Debug;
		};
		EBCC47AA18334E840014082C /* Release */ = {
			isa = XCBuildConfiguration;
			buildSettings = {
				ASSETCATALOG_COMPILER_APPICON_NAME = AppIcon;
				ASSETCATALOG_COMPILER_LAUNCHIMAGE_NAME = LaunchImage;
				GCC_PRECOMPILE_PREFIX_HEADER = YES;
				GCC_PREFIX_HEADER = "IpadImageShuffle/IpadImageShuffle-Prefix.pch";
				INFOPLIST_FILE = "IpadImageShuffle/IpadImageShuffle-Info.plist";
				PRODUCT_NAME = "$(TARGET_NAME)";
				WRAPPER_EXTENSION = app;
			};
			name = Release;
		};
		EBCC47AC18334E840014082C /* Debug */ = {
			isa = XCBuildConfiguration;
			buildSettings = {
				ARCHS = "$(ARCHS_STANDARD_INCLUDING_64_BIT)";
				BUNDLE_LOADER = "$(BUILT_PRODUCTS_DIR)/IpadImageShuffle.app/IpadImageShuffle";
				FRAMEWORK_SEARCH_PATHS = (
					"$(SDKROOT)/Developer/Library/Frameworks",
					"$(inherited)",
					"$(DEVELOPER_FRAMEWORKS_DIR)",
				);
				GCC_PRECOMPILE_PREFIX_HEADER = YES;
				GCC_PREFIX_HEADER = "IpadImageShuffle/IpadImageShuffle-Prefix.pch";
				GCC_PREPROCESSOR_DEFINITIONS = (
					"DEBUG=1",
					"$(inherited)",
				);
				INFOPLIST_FILE = "IpadImageShuffleTests/IpadImageShuffleTests-Info.plist";
				PRODUCT_NAME = "$(TARGET_NAME)";
				TEST_HOST = "$(BUNDLE_LOADER)";
				WRAPPER_EXTENSION = xctest;
			};
			name = Debug;
		};
		EBCC47AD18334E840014082C /* Release */ = {
			isa = XCBuildConfiguration;
			buildSettings = {
				ARCHS = "$(ARCHS_STANDARD_INCLUDING_64_BIT)";
				BUNDLE_LOADER = "$(BUILT_PRODUCTS_DIR)/IpadImageShuffle.app/IpadImageShuffle";
				FRAMEWORK_SEARCH_PATHS = (
					"$(SDKROOT)/Developer/Library/Frameworks",
					"$(inherited)",
					"$(DEVELOPER_FRAMEWORKS_DIR)",
				);
				GCC_PRECOMPILE_PREFIX_HEADER = YES;
				GCC_PREFIX_HEADER = "IpadImageShuffle/IpadImageShuffle-Prefix.pch";
				INFOPLIST_FILE = "IpadImageShuffleTests/IpadImageShuffleTests-Info.plist";
				PRODUCT_NAME = "$(TARGET_NAME)";
				TEST_HOST = "$(BUNDLE_LOADER)";
				WRAPPER_EXTENSION = xctest;
			};
			name = Release;
		};
/* End XCBuildConfiguration section */

/* Begin XCConfigurationList section */
		EBCC476818334E840014082C /* Build configuration list for PBXProject "IpadImageShuffle" */ = {
			isa = XCConfigurationList;
			buildConfigurations = (
				EBCC47A618334E840014082C /* Debug */,
				EBCC47A718334E840014082C /* Release */,
			);
			defaultConfigurationIsVisible = 0;
			defaultConfigurationName = Release;
		};
		EBCC47A818334E840014082C /* Build configuration list for PBXNativeTarget "IpadImageShuffle" */ = {
			isa = XCConfigurationList;
			buildConfigurations = (
				EBCC47A918334E840014082C /* Debug */,
				EBCC47AA18334E840014082C /* Release */,
			);
			defaultConfigurationIsVisible = 0;
			defaultConfigurationName = Release;
		};
		EBCC47AB18334E840014082C /* Build configuration list for PBXNativeTarget "IpadImageShuffleTests" */ = {
			isa = XCConfigurationList;
			buildConfigurations = (
				EBCC47AC18334E840014082C /* Debug */,
				EBCC47AD18334E840014082C /* Release */,
			);
			defaultConfigurationIsVisible = 0;
			defaultConfigurationName = Release;
		};
/* End XCConfigurationList section */

/* Begin XCVersionGroup section */
		EBCC478718334E840014082C /* IpadImageShuffle.xcdatamodeld */ = {
			isa = XCVersionGroup;
			children = (
				EBCC478818334E840014082C /* IpadImageShuffle.xcdatamodel */,
			);
			currentVersion = EBCC478818334E840014082C /* IpadImageShuffle.xcdatamodel */;
			path = IpadImageShuffle.xcdatamodeld;
			sourceTree = "<group>";
			versionGroupType = wrapper.xcdatamodel;
		};
/* End XCVersionGroup section */
	};
	rootObject = EBCC476518334E840014082C /* Project object */;
}
